dependencies:
- name: kube-prometheus-stack
  repository: https://prometheus-community.github.io/helm-charts
  version: 68.1.1
- name: rkeEtcd
  repository: file://./charts/rkeEtcd
  version: 0.2.1
- name: rkeControllerManager
  repository: file://./charts/rkeControllerManager
  version: 0.2.1
- name: rkeScheduler
  repository: file://./charts/rkeScheduler
  version: 0.2.1
- name: rkeIngressNginx
  repository: file://./charts/rkeIngressNginx
  version: 0.2.1
- name: rkeProxy
  repository: file://./charts/rkeProxy
  version: 0.2.1
- name: hardenedKubelet
  repository: file://./charts/hardenedKubelet
  version: 0.2.1
- name: rke2ControllerManager
  repository: file://./charts/rke2ControllerManager
  version: 0.2.0
- name: rke2Etcd
  repository: file://./charts/rke2Etcd
  version: 0.2.0
- name: rke2IngressNginx
  repository: file://./charts/rke2IngressNginx
  version: 0.2.0
- name: rke2Proxy
  repository: file://./charts/rke2Proxy
  version: 0.2.0
- name: rke2Scheduler
  repository: file://./charts/rke2Scheduler
  version: 0.2.0
digest: sha256:b92aedfa27a2c6a725ccd4ac520c3527a55853f4ffb6d701ca517edb60bef00a
generated: "2025-06-16T17:21:09.277335257+02:00"
