dependencies:
- name: kube-prometheus-stack
  repository: https://prometheus-community.github.io/helm-charts
  version: 68.1.1
- name: rkeEtcd
  repository: file://./charts/rkeEtcd
  version: 0.2.1
- name: rkeControllerManager
  repository: file://./charts/rkeControllerManager
  version: 0.2.1
- name: rkeScheduler
  repository: file://./charts/rkeScheduler
  version: 0.2.1
- name: rkeIngressNginx
  repository: file://./charts/rkeIngressNginx
  version: 0.2.1
- name: rkeProxy
  repository: file://./charts/rkeProxy
  version: 0.2.1
- name: hardenedKubelet
  repository: file://./charts/hardenedKubelet
  version: 0.2.1
digest: sha256:961acbe7257c48de7c8b8dd2e9b90deb51ab031f28c13696aecb1a64ca4d44ce
generated: "2025-01-17T13:14:16.186573029+01:00"
