dependencies:
- name: kube-prometheus-stack
  repository: https://prometheus-community.github.io/helm-charts
  version: 68.1.1
- name: rkeEtcd
  repository: file://./charts/rkeEtcd
  version: 0.2.1
- name: rkeControllerManager
  repository: file://./charts/rkeControllerManager
  version: 0.2.1
- name: rkeScheduler
  repository: file://./charts/rkeScheduler
  version: 0.2.1
- name: rkeIngressNginx
  repository: file://./charts/rkeIngressNginx
  version: 0.2.1
- name: rkeProxy
  repository: file://./charts/rkeProxy
  version: 0.2.1
- name: hardenedKubelet
  repository: file://./charts/hardenedKubelet
  version: 0.2.1
- name: rke2ControllerManager
  repository: file://./charts/rke2ControllerManager
  version: 0.1.6
- name: rke2Etcd
  repository: file://./charts/rke2Etcd
  version: 0.1.6
- name: rke2IngressNginx
  repository: file://./charts/rke2IngressNginx
  version: 0.1.6
- name: rke2Proxy
  repository: file://./charts/rke2Proxy
  version: 0.1.6
- name: rke2Scheduler
  repository: file://./charts/rke2Scheduler
  version: 0.1.6
digest: sha256:b6bbaa26896cde025e490c99d17ebd7eb1917969782fd47696d703b3f7331ec9
generated: "2025-05-28T22:46:30.531424+02:00"
